
Microsoft Visual Studio Solution File, Format Version 12.00
# Visual Studio Version 17
VisualStudioVersion = 17.14.36221.1 d17.14
MinimumVisualStudioVersion = 10.0.40219.1
Project("{2150E333-8FDC-42A3-9474-1A3956D46DE8}") = "Doc", "Doc", "{02EA681E-C7D8-13C7-8484-4AC65E1B71E8}"
EndProject
Project("{2150E333-8FDC-42A3-9474-1A3956D46DE8}") = "Src", "Src", "{DEF1AFA8-DC61-4D44-A7DC-399B21F231FE}"
EndProject
Project("{2150E333-8FDC-42A3-9474-1A3956D46DE8}") = "Test", "Test", "{3705A989-8581-4206-B877-D52E82706E1D}"
EndProject
Project("{2150E333-8FDC-42A3-9474-1A3956D46DE8}") = "Common", "Common", "{534AA89A-0772-4A69-8DEF-EFCFAE3C3A23}"
EndProject
Project("{2150E333-8FDC-42A3-9474-1A3956D46DE8}") = "Core", "Core", "{581333EA-EDC9-451C-9025-63A8990878E2}"
EndProject
Project("{2150E333-8FDC-42A3-9474-1A3956D46DE8}") = "Infrastructure", "Infrastructure", "{60ECB7CE-FDB5-4418-92B0-5A291F6819A4}"
EndProject
Project("{2150E333-8FDC-42A3-9474-1A3956D46DE8}") = "Presentation", "Presentation", "{0663A86D-382D-4F21-98F4-B1874D03DE89}"
EndProject
Project("{FAE04EC0-301F-11D3-BF4B-00C04F79EFBC}") = "Store.Domain", "Store.Domain\Store.Domain.csproj", "{59F7E388-FA38-400F-8BCA-F142AFD775A0}"
EndProject
Project("{FAE04EC0-301F-11D3-BF4B-00C04F79EFBC}") = "Store.Application", "Store.Application\Store.Application.csproj", "{A0A00361-1CC6-47F4-9DCB-00C2CFE790E6}"
EndProject
Project("{FAE04EC0-301F-11D3-BF4B-00C04F79EFBC}") = "Store.Infrastructure", "Store.Infrastructure\Store.Infrastructure.csproj", "{01E533A3-D0EC-4AF6-9A35-8E078423ACAE}"
EndProject
Project("{FAE04EC0-301F-11D3-BF4B-00C04F79EFBC}") = "Store.Persistence", "Store.Persistence\Store.Persistence.csproj", "{40EFDD0A-F590-4C3F-B3B0-23898FB7E189}"
EndProject
Project("{FAE04EC0-301F-11D3-BF4B-00C04F79EFBC}") = "Store.Common", "Store.Common\Store.Common.csproj", "{1CAAD4AA-D2CB-4A45-AB32-57CDCA0F744C}"
EndProject
Project("{FAE04EC0-301F-11D3-BF4B-00C04F79EFBC}") = "EndPoint.Site", "EndPoint.Site\EndPoint.Site.csproj", "{2355C04C-34C5-4AF2-9B9E-7E178539D4F3}"
EndProject
Global
	GlobalSection(SolutionConfigurationPlatforms) = preSolution
		Debug|Any CPU = Debug|Any CPU
		Release|Any CPU = Release|Any CPU
	EndGlobalSection
	GlobalSection(ProjectConfigurationPlatforms) = postSolution
		{59F7E388-FA38-400F-8BCA-F142AFD775A0}.Debug|Any CPU.ActiveCfg = Debug|Any CPU
		{59F7E388-FA38-400F-8BCA-F142AFD775A0}.Debug|Any CPU.Build.0 = Debug|Any CPU
		{59F7E388-FA38-400F-8BCA-F142AFD775A0}.Release|Any CPU.ActiveCfg = Release|Any CPU
		{59F7E388-FA38-400F-8BCA-F142AFD775A0}.Release|Any CPU.Build.0 = Release|Any CPU
		{A0A00361-1CC6-47F4-9DCB-00C2CFE790E6}.Debug|Any CPU.ActiveCfg = Debug|Any CPU
		{A0A00361-1CC6-47F4-9DCB-00C2CFE790E6}.Debug|Any CPU.Build.0 = Debug|Any CPU
		{A0A00361-1CC6-47F4-9DCB-00C2CFE790E6}.Release|Any CPU.ActiveCfg = Release|Any CPU
		{A0A00361-1CC6-47F4-9DCB-00C2CFE790E6}.Release|Any CPU.Build.0 = Release|Any CPU
		{01E533A3-D0EC-4AF6-9A35-8E078423ACAE}.Debug|Any CPU.ActiveCfg = Debug|Any CPU
		{01E533A3-D0EC-4AF6-9A35-8E078423ACAE}.Debug|Any CPU.Build.0 = Debug|Any CPU
		{01E533A3-D0EC-4AF6-9A35-8E078423ACAE}.Release|Any CPU.ActiveCfg = Release|Any CPU
		{01E533A3-D0EC-4AF6-9A35-8E078423ACAE}.Release|Any CPU.Build.0 = Release|Any CPU
		{40EFDD0A-F590-4C3F-B3B0-23898FB7E189}.Debug|Any CPU.ActiveCfg = Debug|Any CPU
		{40EFDD0A-F590-4C3F-B3B0-23898FB7E189}.Debug|Any CPU.Build.0 = Debug|Any CPU
		{40EFDD0A-F590-4C3F-B3B0-23898FB7E189}.Release|Any CPU.ActiveCfg = Release|Any CPU
		{40EFDD0A-F590-4C3F-B3B0-23898FB7E189}.Release|Any CPU.Build.0 = Release|Any CPU
		{1CAAD4AA-D2CB-4A45-AB32-57CDCA0F744C}.Debug|Any CPU.ActiveCfg = Debug|Any CPU
		{1CAAD4AA-D2CB-4A45-AB32-57CDCA0F744C}.Debug|Any CPU.Build.0 = Debug|Any CPU
		{1CAAD4AA-D2CB-4A45-AB32-57CDCA0F744C}.Release|Any CPU.ActiveCfg = Release|Any CPU
		{1CAAD4AA-D2CB-4A45-AB32-57CDCA0F744C}.Release|Any CPU.Build.0 = Release|Any CPU
		{2355C04C-34C5-4AF2-9B9E-7E178539D4F3}.Debug|Any CPU.ActiveCfg = Debug|Any CPU
		{2355C04C-34C5-4AF2-9B9E-7E178539D4F3}.Debug|Any CPU.Build.0 = Debug|Any CPU
		{2355C04C-34C5-4AF2-9B9E-7E178539D4F3}.Release|Any CPU.ActiveCfg = Release|Any CPU
		{2355C04C-34C5-4AF2-9B9E-7E178539D4F3}.Release|Any CPU.Build.0 = Release|Any CPU
	EndGlobalSection
	GlobalSection(SolutionProperties) = preSolution
		HideSolutionNode = FALSE
	EndGlobalSection
	GlobalSection(NestedProjects) = preSolution
		{534AA89A-0772-4A69-8DEF-EFCFAE3C3A23} = {DEF1AFA8-DC61-4D44-A7DC-399B21F231FE}
		{581333EA-EDC9-451C-9025-63A8990878E2} = {DEF1AFA8-DC61-4D44-A7DC-399B21F231FE}
		{60ECB7CE-FDB5-4418-92B0-5A291F6819A4} = {DEF1AFA8-DC61-4D44-A7DC-399B21F231FE}
		{0663A86D-382D-4F21-98F4-B1874D03DE89} = {DEF1AFA8-DC61-4D44-A7DC-399B21F231FE}
		{59F7E388-FA38-400F-8BCA-F142AFD775A0} = {581333EA-EDC9-451C-9025-63A8990878E2}
		{A0A00361-1CC6-47F4-9DCB-00C2CFE790E6} = {581333EA-EDC9-451C-9025-63A8990878E2}
		{01E533A3-D0EC-4AF6-9A35-8E078423ACAE} = {60ECB7CE-FDB5-4418-92B0-5A291F6819A4}
		{40EFDD0A-F590-4C3F-B3B0-23898FB7E189} = {60ECB7CE-FDB5-4418-92B0-5A291F6819A4}
		{1CAAD4AA-D2CB-4A45-AB32-57CDCA0F744C} = {534AA89A-0772-4A69-8DEF-EFCFAE3C3A23}
		{2355C04C-34C5-4AF2-9B9E-7E178539D4F3} = {0663A86D-382D-4F21-98F4-B1874D03DE89}
	EndGlobalSection
	GlobalSection(ExtensibilityGlobals) = postSolution
		SolutionGuid = {8A07E679-86FC-4CE6-80ED-9094097C6B4B}
	EndGlobalSection
EndGlobal
